
Microsoft Visual Studio Solution File, Format Version 12.00
# Visual Studio Version 17
VisualStudioVersion = 17.13.35919.96
MinimumVisualStudioVersion = 10.0.40219.1
Project("{FAE04EC0-301F-11D3-BF4B-00C04F79EFBC}") = "WPF_application_for_registration_and_authorization", "WPF_application_for_registration_and_authorization\WPF_application_for_registration_and_authorization.csproj", "{7871F9AB-F801-482B-BF92-42F1AB7FDCAF}"
EndProject
Project("{FAE04EC0-301F-11D3-BF4B-00C04F79EFBC}") = "UnitTestProject1", "UnitTestProject1\UnitTestProject1.csproj", "{2885E582-B3E0-4EB1-8417-069D66738577}"
EndProject
Project("{FAE04EC0-301F-11D3-BF4B-00C04F79EFBC}") = "UnitTestProject2", "UnitTestProject2\UnitTestProject2.csproj", "{36A18E2A-3B52-4C77-B2C6-6C8201B57B16}"
EndProject
Global
	GlobalSection(SolutionConfigurationPlatforms) = preSolution
		Debug|Any CPU = Debug|Any CPU
		Release|Any CPU = Release|Any CPU
	EndGlobalSection
	GlobalSection(ProjectConfigurationPlatforms) = postSolution
		{7871F9AB-F801-482B-BF92-42F1AB7FDCAF}.Debug|Any CPU.ActiveCfg = Debug|Any CPU
		{7871F9AB-F801-482B-BF92-42F1AB7FDCAF}.Debug|Any CPU.Build.0 = Debug|Any CPU
		{7871F9AB-F801-482B-BF92-42F1AB7FDCAF}.Release|Any CPU.ActiveCfg = Release|Any CPU
		{7871F9AB-F801-482B-BF92-42F1AB7FDCAF}.Release|Any CPU.Build.0 = Release|Any CPU
		{2885E582-B3E0-4EB1-8417-069D66738577}.Debug|Any CPU.ActiveCfg = Debug|Any CPU
		{2885E582-B3E0-4EB1-8417-069D66738577}.Debug|Any CPU.Build.0 = Debug|Any CPU
		{2885E582-B3E0-4EB1-8417-069D66738577}.Release|Any CPU.ActiveCfg = Release|Any CPU
		{2885E582-B3E0-4EB1-8417-069D66738577}.Release|Any CPU.Build.0 = Release|Any CPU
		{36A18E2A-3B52-4C77-B2C6-6C8201B57B16}.Debug|Any CPU.ActiveCfg = Debug|Any CPU
		{36A18E2A-3B52-4C77-B2C6-6C8201B57B16}.Debug|Any CPU.Build.0 = Debug|Any CPU
		{36A18E2A-3B52-4C77-B2C6-6C8201B57B16}.Release|Any CPU.ActiveCfg = Release|Any CPU
		{36A18E2A-3B52-4C77-B2C6-6C8201B57B16}.Release|Any CPU.Build.0 = Release|Any CPU
	EndGlobalSection
	GlobalSection(SolutionProperties) = preSolution
		HideSolutionNode = FALSE
	EndGlobalSection
	GlobalSection(ExtensibilityGlobals) = postSolution
		SolutionGuid = {B33603B6-8B91-4621-87D9-F1F4234E9394}
	EndGlobalSection
EndGlobal
